
Microsoft Visual Studio Solution File, Format Version 12.00
# Visual Studio Version 17
VisualStudioVersion = 17.0.31903.59
MinimumVisualStudioVersion = 10.0.40219.1
Project("{FAE04EC0-301F-11D3-BF4B-00C04F79EFBC}") = "common", "common\code\common\common.csproj", "{C7CDA00E-6E5D-CB8C-128D-BCC436D40CA8}"
EndProject
Project("{FAE04EC0-301F-11D3-BF4B-00C04F79EFBC}") = "api", "api\code\api\api.csproj", "{BFB3D01C-8C0B-7A09-2644-E5CCFA5B43E8}"
EndProject
Project("{FAE04EC0-301F-11D3-BF4B-00C04F79EFBC}") = "api.integration.tests", "api\code\api.integration.tests\api.integration.tests.csproj", "{BF6FE7BE-348A-34AF-84FE-EE11D7AA12B8}"
EndProject
Project("{FAE04EC0-301F-11D3-BF4B-00C04F79EFBC}") = "aspire", "aspire\code\aspire\aspire.csproj", "{700F4235-4851-370D-CAF6-1AC04005724D}"
EndProject
Global
	GlobalSection(SolutionConfigurationPlatforms) = preSolution
		Debug|Any CPU = Debug|Any CPU
		Release|Any CPU = Release|Any CPU
	EndGlobalSection
	GlobalSection(ProjectConfigurationPlatforms) = postSolution
		{C7CDA00E-6E5D-CB8C-128D-BCC436D40CA8}.Debug|Any CPU.ActiveCfg = Debug|Any CPU
		{C7CDA00E-6E5D-CB8C-128D-BCC436D40CA8}.Debug|Any CPU.Build.0 = Debug|Any CPU
		{C7CDA00E-6E5D-CB8C-128D-BCC436D40CA8}.Release|Any CPU.ActiveCfg = Release|Any CPU
		{C7CDA00E-6E5D-CB8C-128D-BCC436D40CA8}.Release|Any CPU.Build.0 = Release|Any CPU
		{BFB3D01C-8C0B-7A09-2644-E5CCFA5B43E8}.Debug|Any CPU.ActiveCfg = Debug|Any CPU
		{BFB3D01C-8C0B-7A09-2644-E5CCFA5B43E8}.Debug|Any CPU.Build.0 = Debug|Any CPU
		{BFB3D01C-8C0B-7A09-2644-E5CCFA5B43E8}.Release|Any CPU.ActiveCfg = Release|Any CPU
		{BFB3D01C-8C0B-7A09-2644-E5CCFA5B43E8}.Release|Any CPU.Build.0 = Release|Any CPU
		{BF6FE7BE-348A-34AF-84FE-EE11D7AA12B8}.Debug|Any CPU.ActiveCfg = Debug|Any CPU
		{BF6FE7BE-348A-34AF-84FE-EE11D7AA12B8}.Debug|Any CPU.Build.0 = Debug|Any CPU
		{BF6FE7BE-348A-34AF-84FE-EE11D7AA12B8}.Release|Any CPU.ActiveCfg = Release|Any CPU
		{BF6FE7BE-348A-34AF-84FE-EE11D7AA12B8}.Release|Any CPU.Build.0 = Release|Any CPU
		{700F4235-4851-370D-CAF6-1AC04005724D}.Debug|Any CPU.ActiveCfg = Debug|Any CPU
		{700F4235-4851-370D-CAF6-1AC04005724D}.Debug|Any CPU.Build.0 = Debug|Any CPU
		{700F4235-4851-370D-CAF6-1AC04005724D}.Release|Any CPU.ActiveCfg = Release|Any CPU
		{700F4235-4851-370D-CAF6-1AC04005724D}.Release|Any CPU.Build.0 = Release|Any CPU
	EndGlobalSection
	GlobalSection(SolutionProperties) = preSolution
		HideSolutionNode = FALSE
	EndGlobalSection
EndGlobal
