
Microsoft Visual Studio Solution File, Format Version 12.00
# Visual Studio Version 17
VisualStudioVersion = 17.0.31903.59
MinimumVisualStudioVersion = 10.0.40219.1
Project("{9A19103F-16F7-4668-BE54-9A1E7A4F7556}") = "EPizzas.Common", "EPizzas.Common\EPizzas.Common.csproj", "{7CAE14A6-A1F5-44AD-80AF-2752026EEE9B}"
EndProject
Project("{FAE04EC0-301F-11D3-BF4B-00C04F79EFBC}") = "EPizzas.Common.Tests", "EPizzas.Common.Tests\EPizzas.Common.Tests.csproj", "{333ED46C-567A-4072-8E56-778D48FCC0FB}"
EndProject
Global
	GlobalSection(SolutionConfigurationPlatforms) = preSolution
		Debug|Any CPU = Debug|Any CPU
		Release|Any CPU = Release|Any CPU
	EndGlobalSection
	GlobalSection(ProjectConfigurationPlatforms) = postSolution
		{7CAE14A6-A1F5-44AD-80AF-2752026EEE9B}.Debug|Any CPU.ActiveCfg = Debug|Any CPU
		{7CAE14A6-A1F5-44AD-80AF-2752026EEE9B}.Debug|Any CPU.Build.0 = Debug|Any CPU
		{7CAE14A6-A1F5-44AD-80AF-2752026EEE9B}.Release|Any CPU.ActiveCfg = Release|Any CPU
		{7CAE14A6-A1F5-44AD-80AF-2752026EEE9B}.Release|Any CPU.Build.0 = Release|Any CPU
		{333ED46C-567A-4072-8E56-778D48FCC0FB}.Debug|Any CPU.ActiveCfg = Debug|Any CPU
		{333ED46C-567A-4072-8E56-778D48FCC0FB}.Debug|Any CPU.Build.0 = Debug|Any CPU
		{333ED46C-567A-4072-8E56-778D48FCC0FB}.Release|Any CPU.ActiveCfg = Release|Any CPU
		{333ED46C-567A-4072-8E56-778D48FCC0FB}.Release|Any CPU.Build.0 = Release|Any CPU
	EndGlobalSection
	GlobalSection(SolutionProperties) = preSolution
		HideSolutionNode = FALSE
	EndGlobalSection
	GlobalSection(ExtensibilityGlobals) = postSolution
		SolutionGuid = {7A8D62E3-0F0A-4B06-94A2-1DF0F330903A}
	EndGlobalSection
EndGlobal
